
Microsoft Visual Studio Solution File, Format Version 12.00
# Visual Studio Version 16
VisualStudioVersion = 16.0.30011.22
MinimumVisualStudioVersion = 10.0.40219.1
Project("{FAE04EC0-301F-11D3-BF4B-00C04F79EFBC}") = "TestLesson_08_02", "TestLesson_08_02\TestLesson_08_02.csproj", "{40E760FE-EA11-4F38-AACA-7C6CFB04FC71}"
EndProject
Global
	GlobalSection(SolutionConfigurationPlatforms) = preSolution
		Debug|Any CPU = Debug|Any CPU
		Release|Any CPU = Release|Any CPU
	EndGlobalSection
	GlobalSection(ProjectConfigurationPlatforms) = postSolution
		{40E760FE-EA11-4F38-AACA-7C6CFB04FC71}.Debug|Any CPU.ActiveCfg = Debug|Any CPU
		{40E760FE-EA11-4F38-AACA-7C6CFB04FC71}.Debug|Any CPU.Build.0 = Debug|Any CPU
		{40E760FE-EA11-4F38-AACA-7C6CFB04FC71}.Release|Any CPU.ActiveCfg = Release|Any CPU
		{40E760FE-EA11-4F38-AACA-7C6CFB04FC71}.Release|Any CPU.Build.0 = Release|Any CPU
	EndGlobalSection
	GlobalSection(SolutionProperties) = preSolution
		HideSolutionNode = FALSE
	EndGlobalSection
	GlobalSection(ExtensibilityGlobals) = postSolution
		SolutionGuid = {CFCF760C-9B68-428D-A9D8-990142075D3D}
	EndGlobalSection
EndGlobal
